# THIS IS AN AUTOGENERATED FILE. DO NOT EDIT THIS FILE DIRECTLY.
# yarn lockfile v1


"@krzysztof_g/randomid-generator@^1.0.0":
  version "1.0.0"
  resolved "https://registry.yarnpkg.com/@krzysztof_g/randomid-generator/-/randomid-generator-1.0.0.tgz#bf22f5ed055c850901669c7ac287102c674b18c4"
  integrity sha512-NpgUqUttTrJ1XhPdPcVTUl8pBbO5DhETMwH7WoqkNvHmKUzQMVfX+Rbu9kbBhQGEXf+gBqzV9VCUpD9JNKSHjw==
